
Microsoft Visual Studio Solution File, Format Version 12.00
# Visual Studio Version 17
VisualStudioVersion = 17.11.35327.3
MinimumVisualStudioVersion = 10.0.40219.1
Project("{FAE04EC0-301F-11D3-BF4B-00C04F79EFBC}") = "TantawiiGamePortfolio", "TantawiiGamePortfolio.csproj", "{201F37E5-F34A-43FA-9476-8EE488B7286A}"
EndProject
Global
	GlobalSection(SolutionConfigurationPlatforms) = preSolution
		Debug|Any CPU = Debug|Any CPU
		Release|Any CPU = Release|Any CPU
	EndGlobalSection
	GlobalSection(ProjectConfigurationPlatforms) = postSolution
		{201F37E5-F34A-43FA-9476-8EE488B7286A}.Debug|Any CPU.ActiveCfg = Debug|Any CPU
		{201F37E5-F34A-43FA-9476-8EE488B7286A}.Debug|Any CPU.Build.0 = Debug|Any CPU
		{201F37E5-F34A-43FA-9476-8EE488B7286A}.Release|Any CPU.ActiveCfg = Release|Any CPU
		{201F37E5-F34A-43FA-9476-8EE488B7286A}.Release|Any CPU.Build.0 = Release|Any CPU
	EndGlobalSection
	GlobalSection(SolutionProperties) = preSolution
		HideSolutionNode = FALSE
	EndGlobalSection
	GlobalSection(ExtensibilityGlobals) = postSolution
		SolutionGuid = {590D31FF-6A24-4722-9543-27F320DA3D98}
	EndGlobalSection
EndGlobal
